{
  "name": "qwen-audio-agent-memcode-example",
  "lockfileVersion": 3,
  "requires": true,
  "packages": {
    "": {
      "name": "qwen-audio-agent-memcode-example",
      "dependencies": {
        "memcode-sdk": "2.4.1",
        "qwen-audio-agent": "file:../.."
      }
    },
    "../..": {
      "version": "1.11.0",
      "license": "Apache-2.0",
      "workspaces": [
        "server",
        "web",
        "tui",
        "desktop",
        "cli",
        "mobile"
      ],
      "dependencies": {
        "@a2a-js/sdk": "1.1.0",
        "@agentclientprotocol/sdk": "1.4.0",
        "@modelcontextprotocol/sdk": "1.30.0",
        "@qwen-code/open-computer-use": "^0.2.3",
        "electron-updater": "6.8.9",
        "express": "^4.22.2",
        "qrcode": "1.5.4",
        "sherpa-onnx": "1.13.7",
        "tar-stream": "3.2.1",
        "unbzip2-stream": "1.4.3",
        "ws": "^8.21.3",
        "yaml": "2.9.0",
        "zod": "^4.5.4"
      },
      "bin": {
        "qwenaudio": "cli/bin/qwenaudio.mjs"
      },
      "devDependencies": {
        "concurrently": "^9.2.0",
        "electron-builder": "26.16.0",
        "eslint": "10.9.1",
        "eslint-plugin-react-hooks": "7.1.1",
        "globals": "17.12.0",
        "playwright": "^1.63.0",
        "vitepress": "^1.6.4"
      },
      "engines": {
        "node": "^22.22.2 || ^24.15.0 || >=26.0.0",
        "npm": ">=10"
      }
    },
    "node_modules/memcode-sdk": {
      "version": "2.4.1",
      "resolved": "https://registry.npmjs.org/memcode-sdk/-/memcode-sdk-2.4.1.tgz",
      "integrity": "sha512-sI1yDuBgDPumdnQ10sVssolFn4jjB0i5+rUY0VEzl8iehEybGL0hJSbh6VlOPMlOq+P2KTMc5bZSwmnoSngdHQ==",
      "license": "Apache-2.0",
      "engines": {
        "node": ">=18"
      }
    },
    "node_modules/qwen-audio-agent": {
      "resolved": "../..",
      "link": true
    }
  }
}
